
Microsoft Visual Studio Solution File, Format Version 12.00
# Visual Studio Version 16
VisualStudioVersion = 16.0.30717.126
MinimumVisualStudioVersion = 10.0.40219.1
Project("{9A19103F-16F7-4668-BE54-9A1E7A4F7556}") = "CoreDockerImageSizeTest", "CoreDockerImageSizeTest\CoreDockerImageSizeTest.csproj", "{194FE67D-A37B-4B76-8AEF-AC4C060AEA15}"
EndProject
Project("{2150E333-8FDC-42A3-9474-1A3956D46DE8}") = "Solution Items", "Solution Items", "{54643862-54B3-41AD-BF90-F1D5E0C1097C}"
	ProjectSection(SolutionItems) = preProject
		Dockerfile = Dockerfile
	EndProjectSection
EndProject
Global
	GlobalSection(SolutionConfigurationPlatforms) = preSolution
		Debug|Any CPU = Debug|Any CPU
		Release|Any CPU = Release|Any CPU
	EndGlobalSection
	GlobalSection(ProjectConfigurationPlatforms) = postSolution
		{194FE67D-A37B-4B76-8AEF-AC4C060AEA15}.Debug|Any CPU.ActiveCfg = Debug|Any CPU
		{194FE67D-A37B-4B76-8AEF-AC4C060AEA15}.Debug|Any CPU.Build.0 = Debug|Any CPU
		{194FE67D-A37B-4B76-8AEF-AC4C060AEA15}.Release|Any CPU.ActiveCfg = Release|Any CPU
		{194FE67D-A37B-4B76-8AEF-AC4C060AEA15}.Release|Any CPU.Build.0 = Release|Any CPU
	EndGlobalSection
	GlobalSection(SolutionProperties) = preSolution
		HideSolutionNode = FALSE
	EndGlobalSection
	GlobalSection(ExtensibilityGlobals) = postSolution
		SolutionGuid = {DB9CF940-F1C4-4DE4-9D06-1A8A09E2769D}
	EndGlobalSection
EndGlobal
